
Microsoft Visual Studio Solution File, Format Version 12.00
# Visual Studio Version 17
VisualStudioVersion = 17.7.34031.279
MinimumVisualStudioVersion = 10.0.40219.1
Project("{8BC9CEB8-8B4A-11D0-8D11-00A0C91BC942}") = "Trabalho ATR", "Trabalho ATR final\Trabalho ATR final.vcxproj", "{6E378C26-876A-4C49-AB96-E76B9A4D969A}"
EndProject
Project("{8BC9CEB8-8B4A-11D0-8D11-00A0C91BC942}") = "Processo_Dados", "Processo_Dados\Processo_Dados.vcxproj", "{6EE672AA-E5A3-4EA6-BA94-118AB787F4E3}"
EndProject
Project("{8BC9CEB8-8B4A-11D0-8D11-00A0C91BC942}") = "Processo_Alarmes", "Processo_Alarmes\Processo_Alarmes.vcxproj", "{AA18DDE7-B059-44BA-AEB2-048C0B46D4A8}"
EndProject
Project("{8BC9CEB8-8B4A-11D0-8D11-00A0C91BC942}") = "Mensagens_CLP", "Mensagens_CLP\Mensagens_CLP.vcxproj", "{6697C364-446D-4A66-A0FF-A1E777BDC1E9}"
EndProject
Global
	GlobalSection(SolutionConfigurationPlatforms) = preSolution
		Debug|x64 = Debug|x64
		Debug|x86 = Debug|x86
		Release|x64 = Release|x64
		Release|x86 = Release|x86
	EndGlobalSection
	GlobalSection(ProjectConfigurationPlatforms) = postSolution
		{6E378C26-876A-4C49-AB96-E76B9A4D969A}.Debug|x64.ActiveCfg = Debug|x64
		{6E378C26-876A-4C49-AB96-E76B9A4D969A}.Debug|x64.Build.0 = Debug|x64
		{6E378C26-876A-4C49-AB96-E76B9A4D969A}.Debug|x86.ActiveCfg = Debug|Win32
		{6E378C26-876A-4C49-AB96-E76B9A4D969A}.Debug|x86.Build.0 = Debug|Win32
		{6E378C26-876A-4C49-AB96-E76B9A4D969A}.Release|x64.ActiveCfg = Release|x64
		{6E378C26-876A-4C49-AB96-E76B9A4D969A}.Release|x64.Build.0 = Release|x64
		{6E378C26-876A-4C49-AB96-E76B9A4D969A}.Release|x86.ActiveCfg = Release|Win32
		{6E378C26-876A-4C49-AB96-E76B9A4D969A}.Release|x86.Build.0 = Release|Win32
		{6EE672AA-E5A3-4EA6-BA94-118AB787F4E3}.Debug|x64.ActiveCfg = Debug|x64
		{6EE672AA-E5A3-4EA6-BA94-118AB787F4E3}.Debug|x64.Build.0 = Debug|x64
		{6EE672AA-E5A3-4EA6-BA94-118AB787F4E3}.Debug|x86.ActiveCfg = Debug|Win32
		{6EE672AA-E5A3-4EA6-BA94-118AB787F4E3}.Debug|x86.Build.0 = Debug|Win32
		{6EE672AA-E5A3-4EA6-BA94-118AB787F4E3}.Release|x64.ActiveCfg = Release|x64
		{6EE672AA-E5A3-4EA6-BA94-118AB787F4E3}.Release|x64.Build.0 = Release|x64
		{6EE672AA-E5A3-4EA6-BA94-118AB787F4E3}.Release|x86.ActiveCfg = Release|Win32
		{6EE672AA-E5A3-4EA6-BA94-118AB787F4E3}.Release|x86.Build.0 = Release|Win32
		{AA18DDE7-B059-44BA-AEB2-048C0B46D4A8}.Debug|x64.ActiveCfg = Debug|x64
		{AA18DDE7-B059-44BA-AEB2-048C0B46D4A8}.Debug|x64.Build.0 = Debug|x64
		{AA18DDE7-B059-44BA-AEB2-048C0B46D4A8}.Debug|x86.ActiveCfg = Debug|Win32
		{AA18DDE7-B059-44BA-AEB2-048C0B46D4A8}.Debug|x86.Build.0 = Debug|Win32
		{AA18DDE7-B059-44BA-AEB2-048C0B46D4A8}.Release|x64.ActiveCfg = Release|x64
		{AA18DDE7-B059-44BA-AEB2-048C0B46D4A8}.Release|x64.Build.0 = Release|x64
		{AA18DDE7-B059-44BA-AEB2-048C0B46D4A8}.Release|x86.ActiveCfg = Release|Win32
		{AA18DDE7-B059-44BA-AEB2-048C0B46D4A8}.Release|x86.Build.0 = Release|Win32
		{6697C364-446D-4A66-A0FF-A1E777BDC1E9}.Debug|x64.ActiveCfg = Debug|x64
		{6697C364-446D-4A66-A0FF-A1E777BDC1E9}.Debug|x64.Build.0 = Debug|x64
		{6697C364-446D-4A66-A0FF-A1E777BDC1E9}.Debug|x86.ActiveCfg = Debug|Win32
		{6697C364-446D-4A66-A0FF-A1E777BDC1E9}.Debug|x86.Build.0 = Debug|Win32
		{6697C364-446D-4A66-A0FF-A1E777BDC1E9}.Release|x64.ActiveCfg = Release|x64
		{6697C364-446D-4A66-A0FF-A1E777BDC1E9}.Release|x64.Build.0 = Release|x64
		{6697C364-446D-4A66-A0FF-A1E777BDC1E9}.Release|x86.ActiveCfg = Release|Win32
		{6697C364-446D-4A66-A0FF-A1E777BDC1E9}.Release|x86.Build.0 = Release|Win32
	EndGlobalSection
	GlobalSection(SolutionProperties) = preSolution
		HideSolutionNode = FALSE
	EndGlobalSection
	GlobalSection(ExtensibilityGlobals) = postSolution
		SolutionGuid = {09B0609C-CE1E-4C38-82B8-E83B445C2500}
	EndGlobalSection
EndGlobal
